
Microsoft Visual Studio Solution File, Format Version 12.00
# Visual Studio Version 17
VisualStudioVersion = 17.1.32407.343
MinimumVisualStudioVersion = 10.0.40219.1
Project("{FAE04EC0-301F-11D3-BF4B-00C04F79EFBC}") = "Ex3_ListaPOO", "Ex3_ListaPOO.csproj", "{F164B5AF-3931-4230-B8DA-EDA3EED8FB5B}"
EndProject
Global
	GlobalSection(SolutionConfigurationPlatforms) = preSolution
		Debug|Any CPU = Debug|Any CPU
		Release|Any CPU = Release|Any CPU
	EndGlobalSection
	GlobalSection(ProjectConfigurationPlatforms) = postSolution
		{F164B5AF-3931-4230-B8DA-EDA3EED8FB5B}.Debug|Any CPU.ActiveCfg = Debug|Any CPU
		{F164B5AF-3931-4230-B8DA-EDA3EED8FB5B}.Debug|Any CPU.Build.0 = Debug|Any CPU
		{F164B5AF-3931-4230-B8DA-EDA3EED8FB5B}.Release|Any CPU.ActiveCfg = Release|Any CPU
		{F164B5AF-3931-4230-B8DA-EDA3EED8FB5B}.Release|Any CPU.Build.0 = Release|Any CPU
	EndGlobalSection
	GlobalSection(SolutionProperties) = preSolution
		HideSolutionNode = FALSE
	EndGlobalSection
	GlobalSection(ExtensibilityGlobals) = postSolution
		SolutionGuid = {53440733-D9B9-48D5-94FD-FEC91087260D}
	EndGlobalSection
EndGlobal
